
Microsoft Visual Studio Solution File, Format Version 12.00
# Visual Studio Express 2012 for Windows Desktop
Project("{FAE04EC0-301F-11D3-BF4B-00C04F79EFBC}") = "Kursach", "Kursach\Kursach.csproj", "{372B8B24-4E99-41D6-B678-E32580735DCD}"
EndProject
Global
	GlobalSection(SolutionConfigurationPlatforms) = preSolution
		Debug|Any CPU = Debug|Any CPU
		Release|Any CPU = Release|Any CPU
	EndGlobalSection
	GlobalSection(ProjectConfigurationPlatforms) = postSolution
		{372B8B24-4E99-41D6-B678-E32580735DCD}.Debug|Any CPU.ActiveCfg = Debug|Any CPU
		{372B8B24-4E99-41D6-B678-E32580735DCD}.Debug|Any CPU.Build.0 = Debug|Any CPU
		{372B8B24-4E99-41D6-B678-E32580735DCD}.Release|Any CPU.ActiveCfg = Release|Any CPU
		{372B8B24-4E99-41D6-B678-E32580735DCD}.Release|Any CPU.Build.0 = Release|Any CPU
	EndGlobalSection
	GlobalSection(SolutionProperties) = preSolution
		HideSolutionNode = FALSE
	EndGlobalSection
EndGlobal
